
Microsoft Visual Studio Solution File, Format Version 12.00
# Visual Studio 2017
Project("{FAE04EC0-301F-11D3-BF4B-00C04F79EFBC}") = "BasicIdentification", "BasicIdentification.csproj", "{23D51B8F-4BB8-4749-AD07-89ECBF024305}"
EndProject
Global
	GlobalSection(SolutionConfigurationPlatforms) = preSolution
		Debug|Any CPU = Debug|Any CPU
		Release|Any CPU = Release|Any CPU
	EndGlobalSection
	GlobalSection(ProjectConfigurationPlatforms) = postSolution
		{23D51B8F-4BB8-4749-AD07-89ECBF024305}.Debug|Any CPU.ActiveCfg = Debug|Any CPU
		{23D51B8F-4BB8-4749-AD07-89ECBF024305}.Debug|Any CPU.Build.0 = Debug|Any CPU
		{23D51B8F-4BB8-4749-AD07-89ECBF024305}.Release|Any CPU.ActiveCfg = Release|Any CPU
		{23D51B8F-4BB8-4749-AD07-89ECBF024305}.Release|Any CPU.Build.0 = Release|Any CPU
	EndGlobalSection
EndGlobal
